
Microsoft Visual Studio Solution File, Format Version 12.00
# Visual Studio Version 17
VisualStudioVersion = 17.7.33913.275
MinimumVisualStudioVersion = 10.0.40219.1
Project("{FAE04EC0-301F-11D3-BF4B-00C04F79EFBC}") = "Wpf.Template", "Wpf.Template\Wpf.Template.csproj", "{BBF689AE-2912-448B-84F4-C63A0A66731F}"
EndProject
Global
	GlobalSection(SolutionConfigurationPlatforms) = preSolution
		Debug|Any CPU = Debug|Any CPU
		Release|Any CPU = Release|Any CPU
	EndGlobalSection
	GlobalSection(ProjectConfigurationPlatforms) = postSolution
		{BBF689AE-2912-448B-84F4-C63A0A66731F}.Debug|Any CPU.ActiveCfg = Debug|Any CPU
		{BBF689AE-2912-448B-84F4-C63A0A66731F}.Debug|Any CPU.Build.0 = Debug|Any CPU
		{BBF689AE-2912-448B-84F4-C63A0A66731F}.Release|Any CPU.ActiveCfg = Release|Any CPU
		{BBF689AE-2912-448B-84F4-C63A0A66731F}.Release|Any CPU.Build.0 = Release|Any CPU
	EndGlobalSection
	GlobalSection(SolutionProperties) = preSolution
		HideSolutionNode = FALSE
	EndGlobalSection
	GlobalSection(ExtensibilityGlobals) = postSolution
		SolutionGuid = {EB8730F9-C84B-4101-A63A-698749A741EF}
	EndGlobalSection
EndGlobal
